
Microsoft Visual Studio Solution File, Format Version 12.00
# Visual Studio 15
VisualStudioVersion = 15.0.28307.572
MinimumVisualStudioVersion = 10.0.40219.1
Project("{FAE04EC0-301F-11D3-BF4B-00C04F79EFBC}") = "Exercise", "Exercise\Exercise.csproj", "{8557577F-9113-4B62-BB69-06AE34ED3A52}"
EndProject
Global
	GlobalSection(SolutionConfigurationPlatforms) = preSolution
		Debug|Any CPU = Debug|Any CPU
		Release|Any CPU = Release|Any CPU
	EndGlobalSection
	GlobalSection(ProjectConfigurationPlatforms) = postSolution
		{8557577F-9113-4B62-BB69-06AE34ED3A52}.Debug|Any CPU.ActiveCfg = Debug|Any CPU
		{8557577F-9113-4B62-BB69-06AE34ED3A52}.Debug|Any CPU.Build.0 = Debug|Any CPU
		{8557577F-9113-4B62-BB69-06AE34ED3A52}.Release|Any CPU.ActiveCfg = Release|Any CPU
		{8557577F-9113-4B62-BB69-06AE34ED3A52}.Release|Any CPU.Build.0 = Release|Any CPU
	EndGlobalSection
	GlobalSection(SolutionProperties) = preSolution
		HideSolutionNode = FALSE
	EndGlobalSection
	GlobalSection(ExtensibilityGlobals) = postSolution
		SolutionGuid = {D1212BD2-1783-4766-962C-ADC11E521F5D}
	EndGlobalSection
EndGlobal
